uuid: 0d3e7925-c9b0-4440-976a-7f48673cab5f
langcode: en
status: true
dependencies:
  module:
    - hdbt_admin_tools
  theme:
    - hdbt
_core:
  default_config_hash: nH8M6u66xNnGzjplyiDZAKKeyzDR6NFyTMXNwDYzldk
id: heroblock
theme: hdbt
region: before_content
weight: -11
provider: null
plugin: hero_block
settings:
  id: hero_block
  label: 'Hero block'
  label_display: '0'
  provider: hdbt_admin_tools
visibility:
  'entity_bundle:node':
    id: 'entity_bundle:node'
    negate: false
    context_mapping:
      node: '@node.node_route_context:node'
    bundles:
      landing_page: landing_page
      page: page
