uuid: 1bbd24e7-9fd3-48e4-aa22-00d282424bd7
langcode: en
status: true
dependencies:
  module:
    - ctools
    - hdbt_content
  theme:
    - hdbt
id: sidebarcontentblock
theme: hdbt
region: sidebar_first
weight: 1
provider: null
plugin: sidebar_content_block
settings:
  id: sidebar_content_block
  label: 'Sidebar content block'
  label_display: '0'
  provider: hdbt_content
visibility:
  'entity_bundle:node':
    id: 'entity_bundle:node'
    negate: true
    context_mapping:
      node: '@node.node_route_context:node'
    bundles:
      article: article
      landing_page: landing_page
